{
  "name": "html",
  "version": "1.0.0",
  "lockfileVersion": 1,
  "requires": true,
  "dependencies": {
    "fetch-json": {
      "version": "2.0.0",
      "resolved": "https://registry.npmjs.org/fetch-json/-/fetch-json-2.0.0.tgz",
      "integrity": "sha1-tWmObGPuaMkPYiQxEIqZ3j0YDDk=",
      "requires": {
        "object-assign": "2.1.1"
      }
    },
    "fetch-jsonp": {
      "version": "1.1.3",
      "resolved": "https://registry.npmjs.org/fetch-jsonp/-/fetch-jsonp-1.1.3.tgz",
      "integrity": "sha1-nrnlhboIqvcAVjU40Xu+u81aPbI="
    },
    "get-sheet-done": {
      "version": "0.1.4",
      "resolved": "https://registry.npmjs.org/get-sheet-done/-/get-sheet-done-0.1.4.tgz",
      "integrity": "sha512-IVWcQyFmeTHRxij0btu87O4vJCyzio29vpsGrJoLcJq262/q+Yc2G+fEF2TXy6a4a4KGZ6FZw/gPXkdLOvJCUw==",
      "requires": {
        "fetch-jsonp": "1.1.1"
      },
      "dependencies": {
        "fetch-jsonp": {
          "version": "1.1.1",
          "resolved": "https://registry.npmjs.org/fetch-jsonp/-/fetch-jsonp-1.1.1.tgz",
          "integrity": "sha1-t7n9fTpPdNODifXqLy0PRsNFEOQ="
        }
      }
    },
    "object-assign": {
      "version": "2.1.1",
      "resolved": "https://registry.npmjs.org/object-assign/-/object-assign-2.1.1.tgz",
      "integrity": "sha1-Q8NuXVaf+OSBbE76i+AtJpZ8GKo="
    }
  }
}
